
Microsoft Visual Studio Solution File, Format Version 12.00
# Visual Studio Version 17
VisualStudioVersion = 17.14.36301.6 d17.14
MinimumVisualStudioVersion = 10.0.40219.1
Project("{FAE04EC0-301F-11D3-BF4B-00C04F79EFBC}") = "ActiveLearningSystem", "ActiveLearningSystem\ActiveLearningSystem.csproj", "{0399AD7C-07B1-467A-B026-DA347155A248}"
EndProject
Global
	GlobalSection(SolutionConfigurationPlatforms) = preSolution
		Debug|Any CPU = Debug|Any CPU
		Release|Any CPU = Release|Any CPU
	EndGlobalSection
	GlobalSection(ProjectConfigurationPlatforms) = postSolution
		{0399AD7C-07B1-467A-B026-DA347155A248}.Debug|Any CPU.ActiveCfg = Debug|Any CPU
		{0399AD7C-07B1-467A-B026-DA347155A248}.Debug|Any CPU.Build.0 = Debug|Any CPU
		{0399AD7C-07B1-467A-B026-DA347155A248}.Release|Any CPU.ActiveCfg = Release|Any CPU
		{0399AD7C-07B1-467A-B026-DA347155A248}.Release|Any CPU.Build.0 = Release|Any CPU
	EndGlobalSection
	GlobalSection(SolutionProperties) = preSolution
		HideSolutionNode = FALSE
	EndGlobalSection
	GlobalSection(ExtensibilityGlobals) = postSolution
		SolutionGuid = {A47BD614-3F73-4B67-9676-2963D075EC25}
	EndGlobalSection
EndGlobal
